
Microsoft Visual Studio Solution File, Format Version 12.00
# Visual Studio Version 17
VisualStudioVersion = 17.0.31903.59
MinimumVisualStudioVersion = 10.0.40219.1
Project("{2150E333-8FDC-42A3-9474-1A3956D46DE8}") = "aspire", "aspire", "{5E61C29C-3134-4AF1-81C8-22BA6FCBAB85}"
EndProject
Project("{2150E333-8FDC-42A3-9474-1A3956D46DE8}") = "src", "src", "{53C299CB-3991-4E49-ACE0-6B4EF82C5093}"
EndProject
Project("{2150E333-8FDC-42A3-9474-1A3956D46DE8}") = "Shared", "Shared", "{07A2F5D8-914D-4F0A-AB26-E99F03CDA5BD}"
EndProject
Project("{FAE04EC0-301F-11D3-BF4B-00C04F79EFBC}") = "Template.Shared.Infrastructure", "src\Shared\Template.Shared.Infrastructure\Template.Shared.Infrastructure.csproj", "{E275D089-C2E3-4086-9C66-B7ACD5B34D1B}"
EndProject
Project("{2150E333-8FDC-42A3-9474-1A3956D46DE8}") = "Services", "Services", "{923148C2-0DDB-4211-87F6-11340D1D74DB}"
EndProject
Project("{FAE04EC0-301F-11D3-BF4B-00C04F79EFBC}") = "Template.Services.Bootstrapper", "src\Services\Template.Services.Bootstrapper\Template.Services.Bootstrapper.csproj", "{D0E954C1-B9D3-400D-ACC8-D0F233769816}"
EndProject
Project("{FAE04EC0-301F-11D3-BF4B-00C04F79EFBC}") = "Template.Aspire.AppHost", "aspire\Template.Aspire.AppHost\Template.Aspire.AppHost.csproj", "{F7FB4D41-3C74-432B-A5E7-8F52D94510A9}"
EndProject
Project("{FAE04EC0-301F-11D3-BF4B-00C04F79EFBC}") = "Template.Aspire.ServiceDefaults", "aspire\Template.Aspire.ServiceDefaults\Template.Aspire.ServiceDefaults.csproj", "{00F7F001-13A5-4FB8-BDDE-DB46F142F744}"
EndProject
Project("{2150E333-8FDC-42A3-9474-1A3956D46DE8}") = "Modules", "Modules", "{66201E47-1CB6-4398-BA8D-4B9BA1905BD5}"
EndProject
Project("{2150E333-8FDC-42A3-9474-1A3956D46DE8}") = "Users", "Users", "{BBFF1F76-154E-43B7-BEC6-A48BF71256A3}"
EndProject
Project("{FAE04EC0-301F-11D3-BF4B-00C04F79EFBC}") = "Template.Modules.Users.Api", "src\Modules\Users\Template.Modules.Users.Api\Template.Modules.Users.Api.csproj", "{6DC9980E-0C95-4A34-B63E-0BE6E6149402}"
EndProject
Project("{FAE04EC0-301F-11D3-BF4B-00C04F79EFBC}") = "Template.Modules.Users.UnitTests", "src\Modules\Users\Template.Modules.Users.UnitTests\Template.Modules.Users.UnitTests.csproj", "{8F6F5FBC-518F-4162-A9C1-185D00D1C75B}"
EndProject
Project("{2150E333-8FDC-42A3-9474-1A3956D46DE8}") = "Notifications", "Notifications", "{8B4646B4-C5A8-4ADC-81F9-528381767D18}"
EndProject
Project("{FAE04EC0-301F-11D3-BF4B-00C04F79EFBC}") = "Template.Modules.Notifications.Api", "src\Modules\Notifications\Template.Modules.Notifications.Api\Template.Modules.Notifications.Api.csproj", "{5AAAC928-DD25-4298-AC4A-DBB5D12EA67A}"
EndProject
Project("{FAE04EC0-301F-11D3-BF4B-00C04F79EFBC}") = "Template.Modules.Notifications.UnitTests", "src\Modules\Notifications\Template.Modules.Notifications.UnitTests\Template.Modules.Notifications.UnitTests.csproj", "{07912987-4179-4627-89EB-92F809B44645}"
EndProject
Project("{FAE04EC0-301F-11D3-BF4B-00C04F79EFBC}") = "Template.Shared.Types", "src\Shared\Template.Shared.Types\Template.Shared.Types.csproj", "{9811119F-BDB3-4DCD-8779-4D1AD4FFF010}"
EndProject
Project("{FAE04EC0-301F-11D3-BF4B-00C04F79EFBC}") = "Template.Shared.Events", "src\Shared\Template.Shared.Events\Template.Shared.Events.csproj", "{7ECA012F-657B-4798-845B-5F2D8ABE2343}"
EndProject
Global
	GlobalSection(SolutionConfigurationPlatforms) = preSolution
		Debug|Any CPU = Debug|Any CPU
		Release|Any CPU = Release|Any CPU
	EndGlobalSection
	GlobalSection(SolutionProperties) = preSolution
		HideSolutionNode = FALSE
	EndGlobalSection
	GlobalSection(NestedProjects) = preSolution
		{07A2F5D8-914D-4F0A-AB26-E99F03CDA5BD} = {53C299CB-3991-4E49-ACE0-6B4EF82C5093}
		{E275D089-C2E3-4086-9C66-B7ACD5B34D1B} = {07A2F5D8-914D-4F0A-AB26-E99F03CDA5BD}
		{923148C2-0DDB-4211-87F6-11340D1D74DB} = {53C299CB-3991-4E49-ACE0-6B4EF82C5093}
		{D0E954C1-B9D3-400D-ACC8-D0F233769816} = {923148C2-0DDB-4211-87F6-11340D1D74DB}
		{F7FB4D41-3C74-432B-A5E7-8F52D94510A9} = {5E61C29C-3134-4AF1-81C8-22BA6FCBAB85}
		{00F7F001-13A5-4FB8-BDDE-DB46F142F744} = {5E61C29C-3134-4AF1-81C8-22BA6FCBAB85}
		{66201E47-1CB6-4398-BA8D-4B9BA1905BD5} = {53C299CB-3991-4E49-ACE0-6B4EF82C5093}
		{BBFF1F76-154E-43B7-BEC6-A48BF71256A3} = {66201E47-1CB6-4398-BA8D-4B9BA1905BD5}
		{6DC9980E-0C95-4A34-B63E-0BE6E6149402} = {BBFF1F76-154E-43B7-BEC6-A48BF71256A3}
		{8F6F5FBC-518F-4162-A9C1-185D00D1C75B} = {BBFF1F76-154E-43B7-BEC6-A48BF71256A3}
		{8B4646B4-C5A8-4ADC-81F9-528381767D18} = {66201E47-1CB6-4398-BA8D-4B9BA1905BD5}
		{5AAAC928-DD25-4298-AC4A-DBB5D12EA67A} = {8B4646B4-C5A8-4ADC-81F9-528381767D18}
		{07912987-4179-4627-89EB-92F809B44645} = {8B4646B4-C5A8-4ADC-81F9-528381767D18}
		{9811119F-BDB3-4DCD-8779-4D1AD4FFF010} = {07A2F5D8-914D-4F0A-AB26-E99F03CDA5BD}
		{7ECA012F-657B-4798-845B-5F2D8ABE2343} = {07A2F5D8-914D-4F0A-AB26-E99F03CDA5BD}
	EndGlobalSection
	GlobalSection(ProjectConfigurationPlatforms) = postSolution
		{E275D089-C2E3-4086-9C66-B7ACD5B34D1B}.Debug|Any CPU.ActiveCfg = Debug|Any CPU
		{E275D089-C2E3-4086-9C66-B7ACD5B34D1B}.Debug|Any CPU.Build.0 = Debug|Any CPU
		{E275D089-C2E3-4086-9C66-B7ACD5B34D1B}.Release|Any CPU.ActiveCfg = Release|Any CPU
		{E275D089-C2E3-4086-9C66-B7ACD5B34D1B}.Release|Any CPU.Build.0 = Release|Any CPU
		{D0E954C1-B9D3-400D-ACC8-D0F233769816}.Debug|Any CPU.ActiveCfg = Debug|Any CPU
		{D0E954C1-B9D3-400D-ACC8-D0F233769816}.Debug|Any CPU.Build.0 = Debug|Any CPU
		{D0E954C1-B9D3-400D-ACC8-D0F233769816}.Release|Any CPU.ActiveCfg = Release|Any CPU
		{D0E954C1-B9D3-400D-ACC8-D0F233769816}.Release|Any CPU.Build.0 = Release|Any CPU
		{F7FB4D41-3C74-432B-A5E7-8F52D94510A9}.Debug|Any CPU.ActiveCfg = Debug|Any CPU
		{F7FB4D41-3C74-432B-A5E7-8F52D94510A9}.Debug|Any CPU.Build.0 = Debug|Any CPU
		{F7FB4D41-3C74-432B-A5E7-8F52D94510A9}.Release|Any CPU.ActiveCfg = Release|Any CPU
		{F7FB4D41-3C74-432B-A5E7-8F52D94510A9}.Release|Any CPU.Build.0 = Release|Any CPU
		{00F7F001-13A5-4FB8-BDDE-DB46F142F744}.Debug|Any CPU.ActiveCfg = Debug|Any CPU
		{00F7F001-13A5-4FB8-BDDE-DB46F142F744}.Debug|Any CPU.Build.0 = Debug|Any CPU
		{00F7F001-13A5-4FB8-BDDE-DB46F142F744}.Release|Any CPU.ActiveCfg = Release|Any CPU
		{00F7F001-13A5-4FB8-BDDE-DB46F142F744}.Release|Any CPU.Build.0 = Release|Any CPU
		{6DC9980E-0C95-4A34-B63E-0BE6E6149402}.Debug|Any CPU.ActiveCfg = Debug|Any CPU
		{6DC9980E-0C95-4A34-B63E-0BE6E6149402}.Debug|Any CPU.Build.0 = Debug|Any CPU
		{6DC9980E-0C95-4A34-B63E-0BE6E6149402}.Release|Any CPU.ActiveCfg = Release|Any CPU
		{6DC9980E-0C95-4A34-B63E-0BE6E6149402}.Release|Any CPU.Build.0 = Release|Any CPU
		{8F6F5FBC-518F-4162-A9C1-185D00D1C75B}.Debug|Any CPU.ActiveCfg = Debug|Any CPU
		{8F6F5FBC-518F-4162-A9C1-185D00D1C75B}.Debug|Any CPU.Build.0 = Debug|Any CPU
		{8F6F5FBC-518F-4162-A9C1-185D00D1C75B}.Release|Any CPU.ActiveCfg = Release|Any CPU
		{8F6F5FBC-518F-4162-A9C1-185D00D1C75B}.Release|Any CPU.Build.0 = Release|Any CPU
		{5AAAC928-DD25-4298-AC4A-DBB5D12EA67A}.Debug|Any CPU.ActiveCfg = Debug|Any CPU
		{5AAAC928-DD25-4298-AC4A-DBB5D12EA67A}.Debug|Any CPU.Build.0 = Debug|Any CPU
		{5AAAC928-DD25-4298-AC4A-DBB5D12EA67A}.Release|Any CPU.ActiveCfg = Release|Any CPU
		{5AAAC928-DD25-4298-AC4A-DBB5D12EA67A}.Release|Any CPU.Build.0 = Release|Any CPU
		{07912987-4179-4627-89EB-92F809B44645}.Debug|Any CPU.ActiveCfg = Debug|Any CPU
		{07912987-4179-4627-89EB-92F809B44645}.Debug|Any CPU.Build.0 = Debug|Any CPU
		{07912987-4179-4627-89EB-92F809B44645}.Release|Any CPU.ActiveCfg = Release|Any CPU
		{07912987-4179-4627-89EB-92F809B44645}.Release|Any CPU.Build.0 = Release|Any CPU
		{9811119F-BDB3-4DCD-8779-4D1AD4FFF010}.Debug|Any CPU.ActiveCfg = Debug|Any CPU
		{9811119F-BDB3-4DCD-8779-4D1AD4FFF010}.Debug|Any CPU.Build.0 = Debug|Any CPU
		{9811119F-BDB3-4DCD-8779-4D1AD4FFF010}.Release|Any CPU.ActiveCfg = Release|Any CPU
		{9811119F-BDB3-4DCD-8779-4D1AD4FFF010}.Release|Any CPU.Build.0 = Release|Any CPU
		{7ECA012F-657B-4798-845B-5F2D8ABE2343}.Debug|Any CPU.ActiveCfg = Debug|Any CPU
		{7ECA012F-657B-4798-845B-5F2D8ABE2343}.Debug|Any CPU.Build.0 = Debug|Any CPU
		{7ECA012F-657B-4798-845B-5F2D8ABE2343}.Release|Any CPU.ActiveCfg = Release|Any CPU
		{7ECA012F-657B-4798-845B-5F2D8ABE2343}.Release|Any CPU.Build.0 = Release|Any CPU
	EndGlobalSection
EndGlobal
