
Microsoft Visual Studio Solution File, Format Version 12.00
# Visual Studio Version 17
VisualStudioVersion = 17.0.31903.59
MinimumVisualStudioVersion = 10.0.40219.1
Project("{2150E333-8FDC-42A3-9474-1A3956D46DE8}") = "aspire", "aspire", "{5E61C29C-3134-4AF1-81C8-22BA6FCBAB85}"
EndProject
Project("{FAE04EC0-301F-11D3-BF4B-00C04F79EFBC}") = "Template.AppHost", "aspire\Template.AppHost\Template.AppHost.csproj", "{AA606FC8-5BE1-4FF9-83ED-EF6739B094F3}"
EndProject
Project("{FAE04EC0-301F-11D3-BF4B-00C04F79EFBC}") = "Template.ServiceDefaults", "aspire\Template.ServiceDefaults\Template.ServiceDefaults.csproj", "{329509F0-08D1-4B3D-841B-59AE1D525A34}"
EndProject
Project("{2150E333-8FDC-42A3-9474-1A3956D46DE8}") = "src", "src", "{53C299CB-3991-4E49-ACE0-6B4EF82C5093}"
EndProject
Project("{2150E333-8FDC-42A3-9474-1A3956D46DE8}") = "Shared", "Shared", "{07A2F5D8-914D-4F0A-AB26-E99F03CDA5BD}"
EndProject
Project("{FAE04EC0-301F-11D3-BF4B-00C04F79EFBC}") = "Template.Shared.Infrastructure", "src\Shared\Template.Shared.Infrastructure\Template.Shared.Infrastructure.csproj", "{E275D089-C2E3-4086-9C66-B7ACD5B34D1B}"
EndProject
Project("{FAE04EC0-301F-11D3-BF4B-00C04F79EFBC}") = "Template.Shared.Contracts", "src\Shared\Template.Shared.Contracts\Template.Shared.Contracts.csproj", "{73CF17ED-7425-4787-AC47-26E7D544F0A9}"
EndProject
Project("{2150E333-8FDC-42A3-9474-1A3956D46DE8}") = "Modules", "Modules", "{7EC710BA-1DC0-42BA-8B3A-D204E20F7D72}"
EndProject
Project("{2150E333-8FDC-42A3-9474-1A3956D46DE8}") = "Users", "Users", "{6C2CE2D3-D8B3-4B2B-98A6-8C92BE0C1B68}"
EndProject
Project("{FAE04EC0-301F-11D3-BF4B-00C04F79EFBC}") = "Template.Modules.Users", "src\Modules\Users\Template.Modules.Users\Template.Modules.Users.csproj", "{3D8E1153-0B44-465B-9098-1D4FB508AF1D}"
EndProject
Project("{FAE04EC0-301F-11D3-BF4B-00C04F79EFBC}") = "Template.Modules.Users.UnitTests", "src\Modules\Users\Template.Modules.Users.UnitTests\Template.Modules.Users.UnitTests.csproj", "{1AA084C7-F6AF-4678-9750-DA30EF889AED}"
EndProject
Project("{2150E333-8FDC-42A3-9474-1A3956D46DE8}") = "Services", "Services", "{923148C2-0DDB-4211-87F6-11340D1D74DB}"
EndProject
Project("{FAE04EC0-301F-11D3-BF4B-00C04F79EFBC}") = "Template.Services.Bootstrapper", "src\Services\Template.Services.Bootstrapper\Template.Services.Bootstrapper.csproj", "{D0E954C1-B9D3-400D-ACC8-D0F233769816}"
EndProject
Project("{FAE04EC0-301F-11D3-BF4B-00C04F79EFBC}") = "Template.Services.Gateway", "src\Services\Template.Services.Gateway\Template.Services.Gateway.csproj", "{59E6E16D-6289-4FFE-8588-ADCB93324474}"
EndProject
Global
	GlobalSection(SolutionConfigurationPlatforms) = preSolution
		Debug|Any CPU = Debug|Any CPU
		Release|Any CPU = Release|Any CPU
	EndGlobalSection
	GlobalSection(SolutionProperties) = preSolution
		HideSolutionNode = FALSE
	EndGlobalSection
	GlobalSection(NestedProjects) = preSolution
		{AA606FC8-5BE1-4FF9-83ED-EF6739B094F3} = {5E61C29C-3134-4AF1-81C8-22BA6FCBAB85}
		{329509F0-08D1-4B3D-841B-59AE1D525A34} = {5E61C29C-3134-4AF1-81C8-22BA6FCBAB85}
		{07A2F5D8-914D-4F0A-AB26-E99F03CDA5BD} = {53C299CB-3991-4E49-ACE0-6B4EF82C5093}
		{E275D089-C2E3-4086-9C66-B7ACD5B34D1B} = {07A2F5D8-914D-4F0A-AB26-E99F03CDA5BD}
		{73CF17ED-7425-4787-AC47-26E7D544F0A9} = {07A2F5D8-914D-4F0A-AB26-E99F03CDA5BD}
		{7EC710BA-1DC0-42BA-8B3A-D204E20F7D72} = {53C299CB-3991-4E49-ACE0-6B4EF82C5093}
		{6C2CE2D3-D8B3-4B2B-98A6-8C92BE0C1B68} = {7EC710BA-1DC0-42BA-8B3A-D204E20F7D72}
		{3D8E1153-0B44-465B-9098-1D4FB508AF1D} = {6C2CE2D3-D8B3-4B2B-98A6-8C92BE0C1B68}
		{1AA084C7-F6AF-4678-9750-DA30EF889AED} = {6C2CE2D3-D8B3-4B2B-98A6-8C92BE0C1B68}
		{923148C2-0DDB-4211-87F6-11340D1D74DB} = {53C299CB-3991-4E49-ACE0-6B4EF82C5093}
		{D0E954C1-B9D3-400D-ACC8-D0F233769816} = {923148C2-0DDB-4211-87F6-11340D1D74DB}
		{59E6E16D-6289-4FFE-8588-ADCB93324474} = {923148C2-0DDB-4211-87F6-11340D1D74DB}
	EndGlobalSection
	GlobalSection(ProjectConfigurationPlatforms) = postSolution
		{AA606FC8-5BE1-4FF9-83ED-EF6739B094F3}.Debug|Any CPU.ActiveCfg = Debug|Any CPU
		{AA606FC8-5BE1-4FF9-83ED-EF6739B094F3}.Debug|Any CPU.Build.0 = Debug|Any CPU
		{AA606FC8-5BE1-4FF9-83ED-EF6739B094F3}.Release|Any CPU.ActiveCfg = Release|Any CPU
		{AA606FC8-5BE1-4FF9-83ED-EF6739B094F3}.Release|Any CPU.Build.0 = Release|Any CPU
		{329509F0-08D1-4B3D-841B-59AE1D525A34}.Debug|Any CPU.ActiveCfg = Debug|Any CPU
		{329509F0-08D1-4B3D-841B-59AE1D525A34}.Debug|Any CPU.Build.0 = Debug|Any CPU
		{329509F0-08D1-4B3D-841B-59AE1D525A34}.Release|Any CPU.ActiveCfg = Release|Any CPU
		{329509F0-08D1-4B3D-841B-59AE1D525A34}.Release|Any CPU.Build.0 = Release|Any CPU
		{E275D089-C2E3-4086-9C66-B7ACD5B34D1B}.Debug|Any CPU.ActiveCfg = Debug|Any CPU
		{E275D089-C2E3-4086-9C66-B7ACD5B34D1B}.Debug|Any CPU.Build.0 = Debug|Any CPU
		{E275D089-C2E3-4086-9C66-B7ACD5B34D1B}.Release|Any CPU.ActiveCfg = Release|Any CPU
		{E275D089-C2E3-4086-9C66-B7ACD5B34D1B}.Release|Any CPU.Build.0 = Release|Any CPU
		{73CF17ED-7425-4787-AC47-26E7D544F0A9}.Debug|Any CPU.ActiveCfg = Debug|Any CPU
		{73CF17ED-7425-4787-AC47-26E7D544F0A9}.Debug|Any CPU.Build.0 = Debug|Any CPU
		{73CF17ED-7425-4787-AC47-26E7D544F0A9}.Release|Any CPU.ActiveCfg = Release|Any CPU
		{73CF17ED-7425-4787-AC47-26E7D544F0A9}.Release|Any CPU.Build.0 = Release|Any CPU
		{3D8E1153-0B44-465B-9098-1D4FB508AF1D}.Debug|Any CPU.ActiveCfg = Debug|Any CPU
		{3D8E1153-0B44-465B-9098-1D4FB508AF1D}.Debug|Any CPU.Build.0 = Debug|Any CPU
		{3D8E1153-0B44-465B-9098-1D4FB508AF1D}.Release|Any CPU.ActiveCfg = Release|Any CPU
		{3D8E1153-0B44-465B-9098-1D4FB508AF1D}.Release|Any CPU.Build.0 = Release|Any CPU
		{1AA084C7-F6AF-4678-9750-DA30EF889AED}.Debug|Any CPU.ActiveCfg = Debug|Any CPU
		{1AA084C7-F6AF-4678-9750-DA30EF889AED}.Debug|Any CPU.Build.0 = Debug|Any CPU
		{1AA084C7-F6AF-4678-9750-DA30EF889AED}.Release|Any CPU.ActiveCfg = Release|Any CPU
		{1AA084C7-F6AF-4678-9750-DA30EF889AED}.Release|Any CPU.Build.0 = Release|Any CPU
		{D0E954C1-B9D3-400D-ACC8-D0F233769816}.Debug|Any CPU.ActiveCfg = Debug|Any CPU
		{D0E954C1-B9D3-400D-ACC8-D0F233769816}.Debug|Any CPU.Build.0 = Debug|Any CPU
		{D0E954C1-B9D3-400D-ACC8-D0F233769816}.Release|Any CPU.ActiveCfg = Release|Any CPU
		{D0E954C1-B9D3-400D-ACC8-D0F233769816}.Release|Any CPU.Build.0 = Release|Any CPU
		{59E6E16D-6289-4FFE-8588-ADCB93324474}.Debug|Any CPU.ActiveCfg = Debug|Any CPU
		{59E6E16D-6289-4FFE-8588-ADCB93324474}.Debug|Any CPU.Build.0 = Debug|Any CPU
		{59E6E16D-6289-4FFE-8588-ADCB93324474}.Release|Any CPU.ActiveCfg = Release|Any CPU
		{59E6E16D-6289-4FFE-8588-ADCB93324474}.Release|Any CPU.Build.0 = Release|Any CPU
	EndGlobalSection
EndGlobal
